// !$*UTF8*$!
{
	archiveVersion = 1;
	classes = {
	};
	objectVersion = 46;
	objects = {

/* Begin PBXBuildFile section */
		F0B1B55E138B83ED00A58B7B /* UIKit.framework in Frameworks */ = {isa = PBXBuildFile; fileRef = F0B1B55D138B83ED00A58B7B /* UIKit.framework */; };
		F0B1B560138B83ED00A58B7B /* Foundation.framework in Frameworks */ = {isa = PBXBuildFile; fileRef = F0B1B55F138B83ED00A58B7B /* Foundation.framework */; };
		F0B1B562138B83ED00A58B7B /* CoreGraphics.framework in Frameworks */ = {isa = PBXBuildFile; fileRef = F0B1B561138B83ED00A58B7B /* CoreGraphics.framework */; };
		F0B1B568138B83ED00A58B7B /* InfoPlist.strings in Resources */ = {isa = PBXBuildFile; fileRef = F0B1B566138B83ED00A58B7B /* InfoPlist.strings */; };
		F0B1B56B138B83ED00A58B7B /* main.m in Sources */ = {isa = PBXBuildFile; fileRef = F0B1B56A138B83ED00A58B7B /* main.m */; };
		F0B1B56E138B83ED00A58B7B /* DatePickerWithDateAppDelegate.m in Sources */ = {isa = PBXBuildFile; fileRef = F0B1B56D138B83ED00A58B7B /* DatePickerWithDateAppDelegate.m */; };
		F0B1B571138B83ED00A58B7B /* MainWindow.xib in Resources */ = {isa = PBXBuildFile; fileRef = F0B1B56F138B83ED00A58B7B /* MainWindow.xib */; };
		F0B1B574138B83EE00A58B7B /* DatePickerWithDateViewController.m in Sources */ = {isa = PBXBuildFile; fileRef = F0B1B573138B83EE00A58B7B /* DatePickerWithDateViewController.m */; };
		F0B1B577138B83EE00A58B7B /* DatePickerWithDateViewController.xib in Resources */ = {isa = PBXBuildFile; fileRef = F0B1B575138B83EE00A58B7B /* DatePickerWithDateViewController.xib */; };
/* End PBXBuildFile section */

/* Begin PBXFileReference section */
		F0B1B559138B83ED00A58B7B /* DatePickerWithDate.app */ = {isa = PBXFileReference; explicitFileType = wrapper.application; includeInIndex = 0; path = DatePickerWithDate.app; sourceTree = BUILT_PRODUCTS_DIR; };
		F0B1B55D138B83ED00A58B7B /* UIKit.framework */ = {isa = PBXFileReference; lastKnownFileType = wrapper.framework; name = UIKit.framework; path = System/Library/Frameworks/UIKit.framework; sourceTree = SDKROOT; };
		F0B1B55F138B83ED00A58B7B /* Foundation.framework */ = {isa = PBXFileReference; lastKnownFileType = wrapper.framework; name = Foundation.framework; path = System/Library/Frameworks/Foundation.framework; sourceTree = SDKROOT; };
		F0B1B561138B83ED00A58B7B /* CoreGraphics.framework */ = {isa = PBXFileReference; lastKnownFileType = wrapper.framework; name = CoreGraphics.framework; path = System/Library/Frameworks/CoreGraphics.framework; sourceTree = SDKROOT; };
		F0B1B565138B83ED00A58B7B /* DatePickerWithDate-Info.plist */ = {isa = PBXFileReference; path = "DatePickerWithDate-Info.plist"; sourceTree = "<group>"; };
		F0B1B567138B83ED00A58B7B /* en */ = {isa = PBXFileReference; lastKnownFileType = text.plist.strings; name = en; path = en.lproj/InfoPlist.strings; sourceTree = "<group>"; };
		F0B1B569138B83ED00A58B7B /* DatePickerWithDate-Prefix.pch */ = {isa = PBXFileReference; path = "DatePickerWithDate-Prefix.pch"; sourceTree = "<group>"; };
		F0B1B56A138B83ED00A58B7B /* main.m */ = {isa = PBXFileReference; lastKnownFileType = sourcecode.c.objc; path = main.m; sourceTree = "<group>"; };
		F0B1B56C138B83ED00A58B7B /* DatePickerWithDateAppDelegate.h */ = {isa = PBXFileReference; path = DatePickerWithDateAppDelegate.h; sourceTree = "<group>"; };
		F0B1B56D138B83ED00A58B7B /* DatePickerWithDateAppDelegate.m */ = {isa = PBXFileReference; lastKnownFileType = sourcecode.c.objc; path = DatePickerWithDateAppDelegate.m; sourceTree = "<group>"; };
		F0B1B570138B83ED00A58B7B /* en */ = {isa = PBXFileReference; lastKnownFileType = file.xib; name = en; path = en.lproj/MainWindow.xib; sourceTree = "<group>"; };
		F0B1B572138B83EE00A58B7B /* DatePickerWithDateViewController.h */ = {isa = PBXFileReference; path = DatePickerWithDateViewController.h; sourceTree = "<group>"; };
		F0B1B573138B83EE00A58B7B /* DatePickerWithDateViewController.m */ = {isa = PBXFileReference; lastKnownFileType = sourcecode.c.objc; path = DatePickerWithDateViewController.m; sourceTree = "<group>"; };
		F0B1B576138B83EE00A58B7B /* en */ = {isa = PBXFileReference; lastKnownFileType = file.xib; name = en; path = en.lproj/DatePickerWithDateViewController.xib; sourceTree = "<group>"; };
/* End PBXFileReference section */

/* Begin PBXFrameworksBuildPhase section */
		F0B1B556138B83ED00A58B7B /* Frameworks */ = {
			isa = PBXFrameworksBuildPhase;
			buildActionMask = 2147483647;
			files = (
				F0B1B55E138B83ED00A58B7B /* UIKit.framework in Frameworks */,
				F0B1B560138B83ED00A58B7B /* Foundation.framework in Frameworks */,
				F0B1B562138B83ED00A58B7B /* CoreGraphics.framework in Frameworks */,
			);
			runOnlyForDeploymentPostprocessing = 0;
		};
/* End PBXFrameworksBuildPhase section */

/* Begin PBXGroup section */
		F0B1B54E138B83ED00A58B7B = {
			isa = PBXGroup;
			children = (
				F0B1B563138B83ED00A58B7B /* DatePickerWithDate */,
				F0B1B55C138B83ED00A58B7B /* Frameworks */,
				F0B1B55A138B83ED00A58B7B /* Products */,
			);
			sourceTree = "<group>";
		};
		F0B1B55A138B83ED00A58B7B /* Products */ = {
			isa = PBXGroup;
			children = (
				F0B1B559138B83ED00A58B7B /* DatePickerWithDate.app */,
			);
			name = Products;
			sourceTree = "<group>";
		};
		F0B1B55C138B83ED00A58B7B /* Frameworks */ = {
			isa = PBXGroup;
			children = (
				F0B1B55D138B83ED00A58B7B /* UIKit.framework */,
				F0B1B55F138B83ED00A58B7B /* Foundation.framework */,
				F0B1B561138B83ED00A58B7B /* CoreGraphics.framework */,
			);
			name = Frameworks;
			sourceTree = "<group>";
		};
		F0B1B563138B83ED00A58B7B /* DatePickerWithDate */ = {
			isa = PBXGroup;
			children = (
				F0B1B56C138B83ED00A58B7B /* DatePickerWithDateAppDelegate.h */,
				F0B1B56D138B83ED00A58B7B /* DatePickerWithDateAppDelegate.m */,
				F0B1B56F138B83ED00A58B7B /* MainWindow.xib */,
				F0B1B572138B83EE00A58B7B /* DatePickerWithDateViewController.h */,
				F0B1B573138B83EE00A58B7B /* DatePickerWithDateViewController.m */,
				F0B1B575138B83EE00A58B7B /* DatePickerWithDateViewController.xib */,
				F0B1B564138B83ED00A58B7B /* Supporting Files */,
			);
			path = DatePickerWithDate;
			sourceTree = "<group>";
		};
		F0B1B564138B83ED00A58B7B /* Supporting Files */ = {
			isa = PBXGroup;
			children = (
				F0B1B565138B83ED00A58B7B /* DatePickerWithDate-Info.plist */,
				F0B1B566138B83ED00A58B7B /* InfoPlist.strings */,
				F0B1B569138B83ED00A58B7B /* DatePickerWithDate-Prefix.pch */,
				F0B1B56A138B83ED00A58B7B /* main.m */,
			);
			name = "Supporting Files";
			sourceTree = "<group>";
		};
/* End PBXGroup section */

/* Begin PBXNativeTarget section */
		F0B1B558138B83ED00A58B7B /* DatePickerWithDate */ = {
			isa = PBXNativeTarget;
			buildConfigurationList = F0B1B57A138B83EE00A58B7B /* Build configuration list for PBXNativeTarget "DatePickerWithDate" */;
			buildPhases = (
				F0B1B555138B83ED00A58B7B /* Sources */,
				F0B1B556138B83ED00A58B7B /* Frameworks */,
				F0B1B557138B83ED00A58B7B /* Resources */,
			);
			buildRules = (
			);
			dependencies = (
			);
			name = DatePickerWithDate;
			productName = DatePickerWithDate;
			productReference = F0B1B559138B83ED00A58B7B /* DatePickerWithDate.app */;
			productType = "com.apple.product-type.application";
		};
/* End PBXNativeTarget section */

/* Begin PBXProject section */
		F0B1B550138B83ED00A58B7B /* Project object */ = {
			isa = PBXProject;
			attributes = {
				ORGANIZATIONNAME = "Chakra Interactive Pvt Ltd";
			};
			buildConfigurationList = F0B1B553138B83ED00A58B7B /* Build configuration list for PBXProject "DatePickerWithDate" */;
			compatibilityVersion = "Xcode 3.2";
			developmentRegion = English;
			hasScannedForEncodings = 0;
			knownRegions = (
				en,
			);
			mainGroup = F0B1B54E138B83ED00A58B7B;
			productRefGroup = F0B1B55A138B83ED00A58B7B /* Products */;
			projectDirPath = "";
			projectRoot = "";
			targets = (
				F0B1B558138B83ED00A58B7B /* DatePickerWithDate */,
			);
		};
/* End PBXProject section */

/* Begin PBXResourcesBuildPhase section */
		F0B1B557138B83ED00A58B7B /* Resources */ = {
			isa = PBXResourcesBuildPhase;
			buildActionMask = 2147483647;
			files = (
				F0B1B568138B83ED00A58B7B /* InfoPlist.strings in Resources */,
				F0B1B571138B83ED00A58B7B /* MainWindow.xib in Resources */,
				F0B1B577138B83EE00A58B7B /* DatePickerWithDateViewController.xib in Resources */,
			);
			runOnlyForDeploymentPostprocessing = 0;
		};
/* End PBXResourcesBuildPhase section */

/* Begin PBXSourcesBuildPhase section */
		F0B1B555138B83ED00A58B7B /* Sources */ = {
			isa = PBXSourcesBuildPhase;
			buildActionMask = 2147483647;
			files = (
				F0B1B56B138B83ED00A58B7B /* main.m in Sources */,
				F0B1B56E138B83ED00A58B7B /* DatePickerWithDateAppDelegate.m in Sources */,
				F0B1B574138B83EE00A58B7B /* DatePickerWithDateViewController.m in Sources */,
			);
			runOnlyForDeploymentPostprocessing = 0;
		};
/* End PBXSourcesBuildPhase section */

/* Begin PBXVariantGroup section */
		F0B1B566138B83ED00A58B7B /* InfoPlist.strings */ = {
			isa = PBXVariantGroup;
			children = (
				F0B1B567138B83ED00A58B7B /* en */,
			);
			name = InfoPlist.strings;
			sourceTree = "<group>";
		};
		F0B1B56F138B83ED00A58B7B /* MainWindow.xib */ = {
			isa = PBXVariantGroup;
			children = (
				F0B1B570138B83ED00A58B7B /* en */,
			);
			name = MainWindow.xib;
			sourceTree = "<group>";
		};
		F0B1B575138B83EE00A58B7B /* DatePickerWithDateViewController.xib */ = {
			isa = PBXVariantGroup;
			children = (
				F0B1B576138B83EE00A58B7B /* en */,
			);
			name = DatePickerWithDateViewController.xib;
			sourceTree = "<group>";
		};
/* End PBXVariantGroup section */

/* Begin XCBuildConfiguration section */
		F0B1B578138B83EE00A58B7B /* Debug */ = {
			isa = XCBuildConfiguration;
			buildSettings = {
				ARCHS = "$(ARCHS_STANDARD_32_BIT)";
				"CODE_SIGN_IDENTITY[sdk=iphoneos*]" = "iPhone Developer";
				GCC_C_LANGUAGE_STANDARD = gnu99;
				GCC_OPTIMIZATION_LEVEL = 0;
				GCC_PREPROCESSOR_DEFINITIONS = DEBUG;
				GCC_SYMBOLS_PRIVATE_EXTERN = NO;
				GCC_VERSION = com.apple.compilers.llvmgcc42;
				GCC_WARN_ABOUT_RETURN_TYPE = YES;
				GCC_WARN_UNUSED_VARIABLE = YES;
				IPHONEOS_DEPLOYMENT_TARGET = 4.3;
				SDKROOT = iphoneos;
			};
			name = Debug;
		};
		F0B1B579138B83EE00A58B7B /* Release */ = {
			isa = XCBuildConfiguration;
			buildSettings = {
				ARCHS = "$(ARCHS_STANDARD_32_BIT)";
				"CODE_SIGN_IDENTITY[sdk=iphoneos*]" = "iPhone Developer";
				GCC_C_LANGUAGE_STANDARD = gnu99;
				GCC_VERSION = com.apple.compilers.llvmgcc42;
				GCC_WARN_ABOUT_RETURN_TYPE = YES;
				GCC_WARN_UNUSED_VARIABLE = YES;
				IPHONEOS_DEPLOYMENT_TARGET = 4.3;
				OTHER_CFLAGS = "-DNS_BLOCK_ASSERTIONS=1";
				SDKROOT = iphoneos;
			};
			name = Release;
		};
		F0B1B57B138B83EE00A58B7B /* Debug */ = {
			isa = XCBuildConfiguration;
			buildSettings = {
				ALWAYS_SEARCH_USER_PATHS = NO;
				COPY_PHASE_STRIP = NO;
				GCC_DYNAMIC_NO_PIC = NO;
				GCC_PRECOMPILE_PREFIX_HEADER = YES;
				GCC_PREFIX_HEADER = "DatePickerWithDate/DatePickerWithDate-Prefix.pch";
				INFOPLIST_FILE = "DatePickerWithDate/DatePickerWithDate-Info.plist";
				PRODUCT_NAME = "$(TARGET_NAME)";
				WRAPPER_EXTENSION = app;
			};
			name = Debug;
		};
		F0B1B57C138B83EE00A58B7B /* Release */ = {
			isa = XCBuildConfiguration;
			buildSettings = {
				ALWAYS_SEARCH_USER_PATHS = NO;
				COPY_PHASE_STRIP = YES;
				GCC_PRECOMPILE_PREFIX_HEADER = YES;
				GCC_PREFIX_HEADER = "DatePickerWithDate/DatePickerWithDate-Prefix.pch";
				INFOPLIST_FILE = "DatePickerWithDate/DatePickerWithDate-Info.plist";
				PRODUCT_NAME = "$(TARGET_NAME)";
				VALIDATE_PRODUCT = YES;
				WRAPPER_EXTENSION = app;
			};
			name = Release;
		};
/* End XCBuildConfiguration section */

/* Begin XCConfigurationList section */
		F0B1B553138B83ED00A58B7B /* Build configuration list for PBXProject "DatePickerWithDate" */ = {
			isa = XCConfigurationList;
			buildConfigurations = (
				F0B1B578138B83EE00A58B7B /* Debug */,
				F0B1B579138B83EE00A58B7B /* Release */,
			);
			defaultConfigurationIsVisible = 0;
			defaultConfigurationName = Release;
		};
		F0B1B57A138B83EE00A58B7B /* Build configuration list for PBXNativeTarget "DatePickerWithDate" */ = {
			isa = XCConfigurationList;
			buildConfigurations = (
				F0B1B57B138B83EE00A58B7B /* Debug */,
				F0B1B57C138B83EE00A58B7B /* Release */,
			);
			defaultConfigurationIsVisible = 0;
		};
/* End XCConfigurationList section */
	};
	rootObject = F0B1B550138B83ED00A58B7B /* Project object */;
}
